
Microsoft Visual Studio Solution File, Format Version 12.00
# Visual Studio Version 17
VisualStudioVersion = 17.2.32516.85
MinimumVisualStudioVersion = 10.0.40219.1
Project("{FAE04EC0-301F-11D3-BF4B-00C04F79EFBC}") = "PremiumCalculatorAPI", "PremiumCalculatorAPI\PremiumCalculatorAPI.csproj", "{D5AA9F38-5B35-4902-B7EC-0E97D5652754}"
EndProject
Global
	GlobalSection(SolutionConfigurationPlatforms) = preSolution
		Debug|Any CPU = Debug|Any CPU
		Release|Any CPU = Release|Any CPU
	EndGlobalSection
	GlobalSection(ProjectConfigurationPlatforms) = postSolution
		{D5AA9F38-5B35-4902-B7EC-0E97D5652754}.Debug|Any CPU.ActiveCfg = Debug|Any CPU
		{D5AA9F38-5B35-4902-B7EC-0E97D5652754}.Debug|Any CPU.Build.0 = Debug|Any CPU
		{D5AA9F38-5B35-4902-B7EC-0E97D5652754}.Release|Any CPU.ActiveCfg = Release|Any CPU
		{D5AA9F38-5B35-4902-B7EC-0E97D5652754}.Release|Any CPU.Build.0 = Release|Any CPU
	EndGlobalSection
	GlobalSection(SolutionProperties) = preSolution
		HideSolutionNode = FALSE
	EndGlobalSection
	GlobalSection(ExtensibilityGlobals) = postSolution
		SolutionGuid = {89AB2FEA-EA5C-498C-BB1F-82BCD5B0DE50}
	EndGlobalSection
EndGlobal
